
Microsoft Visual Studio Solution File, Format Version 12.00
# Visual Studio Version 17
VisualStudioVersion = 17.13.35825.156 d17.13
MinimumVisualStudioVersion = 10.0.40219.1
Project("{FAE04EC0-301F-11D3-BF4B-00C04F79EFBC}") = "lab4Poc", "lab4Poc.csproj", "{FE2B2B98-C4C4-4C5A-B254-A32A54681140}"
EndProject
Global
	GlobalSection(SolutionConfigurationPlatforms) = preSolution
		Debug|Any CPU = Debug|Any CPU
		Release|Any CPU = Release|Any CPU
	EndGlobalSection
	GlobalSection(ProjectConfigurationPlatforms) = postSolution
		{FE2B2B98-C4C4-4C5A-B254-A32A54681140}.Debug|Any CPU.ActiveCfg = Debug|Any CPU
		{FE2B2B98-C4C4-4C5A-B254-A32A54681140}.Debug|Any CPU.Build.0 = Debug|Any CPU
		{FE2B2B98-C4C4-4C5A-B254-A32A54681140}.Release|Any CPU.ActiveCfg = Release|Any CPU
		{FE2B2B98-C4C4-4C5A-B254-A32A54681140}.Release|Any CPU.Build.0 = Release|Any CPU
	EndGlobalSection
	GlobalSection(SolutionProperties) = preSolution
		HideSolutionNode = FALSE
	EndGlobalSection
	GlobalSection(ExtensibilityGlobals) = postSolution
		SolutionGuid = {6029E753-8A36-45E3-84AD-FF802148EAEC}
	EndGlobalSection
EndGlobal
